
Microsoft Visual Studio Solution File, Format Version 12.00
# Visual Studio Version 17
VisualStudioVersion = 17.4.33205.214
MinimumVisualStudioVersion = 10.0.40219.1
Project("{FAE04EC0-301F-11D3-BF4B-00C04F79EFBC}") = "EmployeeAPi", "EmployeeAPi\EmployeeAPi.csproj", "{B465AA15-8D15-4050-81A3-A78FACD896DE}"
EndProject
Global
	GlobalSection(SolutionConfigurationPlatforms) = preSolution
		Debug|Any CPU = Debug|Any CPU
		Release|Any CPU = Release|Any CPU
	EndGlobalSection
	GlobalSection(ProjectConfigurationPlatforms) = postSolution
		{B465AA15-8D15-4050-81A3-A78FACD896DE}.Debug|Any CPU.ActiveCfg = Debug|Any CPU
		{B465AA15-8D15-4050-81A3-A78FACD896DE}.Debug|Any CPU.Build.0 = Debug|Any CPU
		{B465AA15-8D15-4050-81A3-A78FACD896DE}.Release|Any CPU.ActiveCfg = Release|Any CPU
		{B465AA15-8D15-4050-81A3-A78FACD896DE}.Release|Any CPU.Build.0 = Release|Any CPU
	EndGlobalSection
	GlobalSection(SolutionProperties) = preSolution
		HideSolutionNode = FALSE
	EndGlobalSection
	GlobalSection(ExtensibilityGlobals) = postSolution
		SolutionGuid = {85285D05-37FB-4BD1-9E18-0090683C6D65}
	EndGlobalSection
EndGlobal
